
Microsoft Visual Studio Solution File, Format Version 12.00
# Visual Studio Version 17
VisualStudioVersion = 17.11.35312.102
MinimumVisualStudioVersion = 10.0.40219.1
Project("{FAE04EC0-301F-11D3-BF4B-00C04F79EFBC}") = "StaffsManagementSys_winform", "StaffsManagementSys_winform\StaffsManagementSys_winform.csproj", "{B0D0F48F-3222-41C1-9EE4-C1ECA7B93E6F}"
EndProject
Project("{2150E333-8FDC-42A3-9474-1A3956D46DE8}") = "Models", "Models", "{5F2A6B09-C306-48F0-A4E3-C755D2A42D8D}"
EndProject
Project("{2150E333-8FDC-42A3-9474-1A3956D46DE8}") = "View", "View", "{5CCAC344-9752-4563-A3AE-739D951C64DA}"
EndProject
Project("{2150E333-8FDC-42A3-9474-1A3956D46DE8}") = "NewFolder1", "NewFolder1", "{5F970B18-B7B1-4A6F-B940-0E6661B5AED2}"
EndProject
Global
	GlobalSection(SolutionConfigurationPlatforms) = preSolution
		Debug|Any CPU = Debug|Any CPU
		Release|Any CPU = Release|Any CPU
	EndGlobalSection
	GlobalSection(ProjectConfigurationPlatforms) = postSolution
		{B0D0F48F-3222-41C1-9EE4-C1ECA7B93E6F}.Debug|Any CPU.ActiveCfg = Debug|Any CPU
		{B0D0F48F-3222-41C1-9EE4-C1ECA7B93E6F}.Debug|Any CPU.Build.0 = Debug|Any CPU
		{B0D0F48F-3222-41C1-9EE4-C1ECA7B93E6F}.Release|Any CPU.ActiveCfg = Release|Any CPU
		{B0D0F48F-3222-41C1-9EE4-C1ECA7B93E6F}.Release|Any CPU.Build.0 = Release|Any CPU
	EndGlobalSection
	GlobalSection(SolutionProperties) = preSolution
		HideSolutionNode = FALSE
	EndGlobalSection
	GlobalSection(NestedProjects) = preSolution
		{B0D0F48F-3222-41C1-9EE4-C1ECA7B93E6F} = {5CCAC344-9752-4563-A3AE-739D951C64DA}
	EndGlobalSection
	GlobalSection(ExtensibilityGlobals) = postSolution
		SolutionGuid = {B8519B0B-F46D-4BD2-8CCD-765088B12D8D}
	EndGlobalSection
EndGlobal
